
Microsoft Visual Studio Solution File, Format Version 12.00
# Visual Studio 14
VisualStudioVersion = 14.0.24720.0
MinimumVisualStudioVersion = 10.0.40219.1
Project("{2150E333-8FDC-42A3-9474-1A3956D46DE8}") = "src", "src", "{5DD607DE-7821-4E90-B53C-F28443428B4E}"
EndProject
Project("{2150E333-8FDC-42A3-9474-1A3956D46DE8}") = "Solution Items", "Solution Items", "{4DA06635-5A50-4614-899A-BD3464B56873}"
	ProjectSection(SolutionItems) = preProject
		global.json = global.json
	EndProjectSection
EndProject
Project("{8BB2217D-0F2D-49D1-97BC-3654ED321F3B}") = "WebApplication1", "src\WebApplication1\WebApplication1.xproj", "{62FCE125-6968-47AC-A791-349B31E7BBC1}"
EndProject
Global
	GlobalSection(SolutionConfigurationPlatforms) = preSolution
		Debug|Any CPU = Debug|Any CPU
		Release|Any CPU = Release|Any CPU
	EndGlobalSection
	GlobalSection(ProjectConfigurationPlatforms) = postSolution
		{62FCE125-6968-47AC-A791-349B31E7BBC1}.Debug|Any CPU.ActiveCfg = Debug|Any CPU
		{62FCE125-6968-47AC-A791-349B31E7BBC1}.Debug|Any CPU.Build.0 = Debug|Any CPU
		{62FCE125-6968-47AC-A791-349B31E7BBC1}.Release|Any CPU.ActiveCfg = Release|Any CPU
		{62FCE125-6968-47AC-A791-349B31E7BBC1}.Release|Any CPU.Build.0 = Release|Any CPU
	EndGlobalSection
	GlobalSection(SolutionProperties) = preSolution
		HideSolutionNode = FALSE
	EndGlobalSection
	GlobalSection(NestedProjects) = preSolution
		{62FCE125-6968-47AC-A791-349B31E7BBC1} = {5DD607DE-7821-4E90-B53C-F28443428B4E}
	EndGlobalSection
EndGlobal
